// !$*UTF8*$!
{
	archiveVersion = 1;
	classes = {
	};
	objectVersion = 46;
	objects = {

/* Begin PBXBuildFile section */
		8214DC9A1B2AA87C00936B26 /* main.m in Sources */ = {isa = PBXBuildFile; fileRef = 8214DC991B2AA87C00936B26 /* main.m */; };
		8214DC9D1B2AA87C00936B26 /* AppDelegate.m in Sources */ = {isa = PBXBuildFile; fileRef = 8214DC9C1B2AA87C00936B26 /* AppDelegate.m */; };
		8214DCA01B2AA87C00936B26 /* ViewController.m in Sources */ = {isa = PBXBuildFile; fileRef = 8214DC9F1B2AA87C00936B26 /* ViewController.m */; };
		8214DCA31B2AA87C00936B26 /* Main.storyboard in Resources */ = {isa = PBXBuildFile; fileRef = 8214DCA11B2AA87C00936B26 /* Main.storyboard */; };
		8214DCA51B2AA87C00936B26 /* Images.xcassets in Resources */ = {isa = PBXBuildFile; fileRef = 8214DCA41B2AA87C00936B26 /* Images.xcassets */; };
		8214DCA81B2AA87C00936B26 /* LaunchScreen.xib in Resources */ = {isa = PBXBuildFile; fileRef = 8214DCA61B2AA87C00936B26 /* LaunchScreen.xib */; };
		8214DCB41B2AA87C00936B26 /* WebViewForJSTests.m in Sources */ = {isa = PBXBuildFile; fileRef = 8214DCB31B2AA87C00936B26 /* WebViewForJSTests.m */; };
		8214DCBE1B2AA98600936B26 /* info.html in Resources */ = {isa = PBXBuildFile; fileRef = 8214DCBD1B2AA98600936B26 /* info.html */; };
		8214DCC01B2AADCC00936B26 /* AdSupport.framework in Frameworks */ = {isa = PBXBuildFile; fileRef = 8214DCBF1B2AADCB00936B26 /* AdSupport.framework */; };
/* End PBXBuildFile section */

/* Begin PBXContainerItemProxy section */
		8214DCAE1B2AA87C00936B26 /* PBXContainerItemProxy */ = {
			isa = PBXContainerItemProxy;
			containerPortal = 8214DC8C1B2AA87C00936B26 /* Project object */;
			proxyType = 1;
			remoteGlobalIDString = 8214DC931B2AA87C00936B26;
			remoteInfo = WebViewForJS;
		};
/* End PBXContainerItemProxy section */

/* Begin PBXFileReference section */
		8214DC941B2AA87C00936B26 /* WebViewForJS.app */ = {isa = PBXFileReference; explicitFileType = wrapper.application; includeInIndex = 0; path = WebViewForJS.app; sourceTree = BUILT_PRODUCTS_DIR; };
		8214DC981B2AA87C00936B26 /* Info.plist */ = {isa = PBXFileReference; lastKnownFileType = text.plist.xml; path = Info.plist; sourceTree = "<group>"; };
		8214DC991B2AA87C00936B26 /* main.m */ = {isa = PBXFileReference; lastKnownFileType = sourcecode.c.objc; path = main.m; sourceTree = "<group>"; };
		8214DC9B1B2AA87C00936B26 /* AppDelegate.h */ = {isa = PBXFileReference; lastKnownFileType = sourcecode.c.h; path = AppDelegate.h; sourceTree = "<group>"; };
		8214DC9C1B2AA87C00936B26 /* AppDelegate.m */ = {isa = PBXFileReference; lastKnownFileType = sourcecode.c.objc; path = AppDelegate.m; sourceTree = "<group>"; };
		8214DC9E1B2AA87C00936B26 /* ViewController.h */ = {isa = PBXFileReference; lastKnownFileType = sourcecode.c.h; path = ViewController.h; sourceTree = "<group>"; };
		8214DC9F1B2AA87C00936B26 /* ViewController.m */ = {isa = PBXFileReference; lastKnownFileType = sourcecode.c.objc; path = ViewController.m; sourceTree = "<group>"; };
		8214DCA21B2AA87C00936B26 /* Base */ = {isa = PBXFileReference; lastKnownFileType = file.storyboard; name = Base; path = Base.lproj/Main.storyboard; sourceTree = "<group>"; };
		8214DCA41B2AA87C00936B26 /* Images.xcassets */ = {isa = PBXFileReference; lastKnownFileType = folder.assetcatalog; path = Images.xcassets; sourceTree = "<group>"; };
		8214DCA71B2AA87C00936B26 /* Base */ = {isa = PBXFileReference; lastKnownFileType = file.xib; name = Base; path = Base.lproj/LaunchScreen.xib; sourceTree = "<group>"; };
		8214DCAD1B2AA87C00936B26 /* WebViewForJSTests.xctest */ = {isa = PBXFileReference; explicitFileType = wrapper.cfbundle; includeInIndex = 0; path = WebViewForJSTests.xctest; sourceTree = BUILT_PRODUCTS_DIR; };
		8214DCB21B2AA87C00936B26 /* Info.plist */ = {isa = PBXFileReference; lastKnownFileType = text.plist.xml; path = Info.plist; sourceTree = "<group>"; };
		8214DCB31B2AA87C00936B26 /* WebViewForJSTests.m */ = {isa = PBXFileReference; lastKnownFileType = sourcecode.c.objc; path = WebViewForJSTests.m; sourceTree = "<group>"; };
		8214DCBD1B2AA98600936B26 /* info.html */ = {isa = PBXFileReference; fileEncoding = 4; lastKnownFileType = text.html; path = info.html; sourceTree = "<group>"; };
		8214DCBF1B2AADCB00936B26 /* AdSupport.framework */ = {isa = PBXFileReference; lastKnownFileType = wrapper.framework; name = AdSupport.framework; path = System/Library/Frameworks/AdSupport.framework; sourceTree = SDKROOT; };
/* End PBXFileReference section */

/* Begin PBXFrameworksBuildPhase section */
		8214DC911B2AA87C00936B26 /* Frameworks */ = {
			isa = PBXFrameworksBuildPhase;
			buildActionMask = 2147483647;
			files = (
				8214DCC01B2AADCC00936B26 /* AdSupport.framework in Frameworks */,
			);
			runOnlyForDeploymentPostprocessing = 0;
		};
		8214DCAA1B2AA87C00936B26 /* Frameworks */ = {
			isa = PBXFrameworksBuildPhase;
			buildActionMask = 2147483647;
			files = (
			);
			runOnlyForDeploymentPostprocessing = 0;
		};
/* End PBXFrameworksBuildPhase section */

/* Begin PBXGroup section */
		8214DC8B1B2AA87C00936B26 = {
			isa = PBXGroup;
			children = (
				8214DCC11B2AAE3F00936B26 /* Frameworks */,
				8214DC961B2AA87C00936B26 /* WebViewForJS */,
				8214DCB01B2AA87C00936B26 /* WebViewForJSTests */,
				8214DC951B2AA87C00936B26 /* Products */,
			);
			sourceTree = "<group>";
		};
		8214DC951B2AA87C00936B26 /* Products */ = {
			isa = PBXGroup;
			children = (
				8214DC941B2AA87C00936B26 /* WebViewForJS.app */,
				8214DCAD1B2AA87C00936B26 /* WebViewForJSTests.xctest */,
			);
			name = Products;
			sourceTree = "<group>";
		};
		8214DC961B2AA87C00936B26 /* WebViewForJS */ = {
			isa = PBXGroup;
			children = (
				8214DCBD1B2AA98600936B26 /* info.html */,
				8214DC9B1B2AA87C00936B26 /* AppDelegate.h */,
				8214DC9C1B2AA87C00936B26 /* AppDelegate.m */,
				8214DC9E1B2AA87C00936B26 /* ViewController.h */,
				8214DC9F1B2AA87C00936B26 /* ViewController.m */,
				8214DCA11B2AA87C00936B26 /* Main.storyboard */,
				8214DCA41B2AA87C00936B26 /* Images.xcassets */,
				8214DCA61B2AA87C00936B26 /* LaunchScreen.xib */,
				8214DC971B2AA87C00936B26 /* Supporting Files */,
			);
			path = WebViewForJS;
			sourceTree = "<group>";
		};
		8214DC971B2AA87C00936B26 /* Supporting Files */ = {
			isa = PBXGroup;
			children = (
				8214DC981B2AA87C00936B26 /* Info.plist */,
				8214DC991B2AA87C00936B26 /* main.m */,
			);
			name = "Supporting Files";
			sourceTree = "<group>";
		};
		8214DCB01B2AA87C00936B26 /* WebViewForJSTests */ = {
			isa = PBXGroup;
			children = (
				8214DCB31B2AA87C00936B26 /* WebViewForJSTests.m */,
				8214DCB11B2AA87C00936B26 /* Supporting Files */,
			);
			path = WebViewForJSTests;
			sourceTree = "<group>";
		};
		8214DCB11B2AA87C00936B26 /* Supporting Files */ = {
			isa = PBXGroup;
			children = (
				8214DCB21B2AA87C00936B26 /* Info.plist */,
			);
			name = "Supporting Files";
			sourceTree = "<group>";
		};
		8214DCC11B2AAE3F00936B26 /* Frameworks */ = {
			isa = PBXGroup;
			children = (
				8214DCBF1B2AADCB00936B26 /* AdSupport.framework */,
			);
			name = Frameworks;
			sourceTree = "<group>";
		};
/* End PBXGroup section */

/* Begin PBXNativeTarget section */
		8214DC931B2AA87C00936B26 /* WebViewForJS */ = {
			isa = PBXNativeTarget;
			buildConfigurationList = 8214DCB71B2AA87C00936B26 /* Build configuration list for PBXNativeTarget "WebViewForJS" */;
			buildPhases = (
				8214DC901B2AA87C00936B26 /* Sources */,
				8214DC911B2AA87C00936B26 /* Frameworks */,
				8214DC921B2AA87C00936B26 /* Resources */,
			);
			buildRules = (
			);
			dependencies = (
			);
			name = WebViewForJS;
			productName = WebViewForJS;
			productReference = 8214DC941B2AA87C00936B26 /* WebViewForJS.app */;
			productType = "com.apple.product-type.application";
		};
		8214DCAC1B2AA87C00936B26 /* WebViewForJSTests */ = {
			isa = PBXNativeTarget;
			buildConfigurationList = 8214DCBA1B2AA87C00936B26 /* Build configuration list for PBXNativeTarget "WebViewForJSTests" */;
			buildPhases = (
				8214DCA91B2AA87C00936B26 /* Sources */,
				8214DCAA1B2AA87C00936B26 /* Frameworks */,
				8214DCAB1B2AA87C00936B26 /* Resources */,
			);
			buildRules = (
			);
			dependencies = (
				8214DCAF1B2AA87C00936B26 /* PBXTargetDependency */,
			);
			name = WebViewForJSTests;
			productName = WebViewForJSTests;
			productReference = 8214DCAD1B2AA87C00936B26 /* WebViewForJSTests.xctest */;
			productType = "com.apple.product-type.bundle.unit-test";
		};
/* End PBXNativeTarget section */

/* Begin PBXProject section */
		8214DC8C1B2AA87C00936B26 /* Project object */ = {
			isa = PBXProject;
			attributes = {
				LastUpgradeCheck = 0610;
				ORGANIZATIONNAME = JatWaston;
				TargetAttributes = {
					8214DC931B2AA87C00936B26 = {
						CreatedOnToolsVersion = 6.1.1;
					};
					8214DCAC1B2AA87C00936B26 = {
						CreatedOnToolsVersion = 6.1.1;
						TestTargetID = 8214DC931B2AA87C00936B26;
					};
				};
			};
			buildConfigurationList = 8214DC8F1B2AA87C00936B26 /* Build configuration list for PBXProject "WebViewForJS" */;
			compatibilityVersion = "Xcode 3.2";
			developmentRegion = English;
			hasScannedForEncodings = 0;
			knownRegions = (
				en,
				Base,
			);
			mainGroup = 8214DC8B1B2AA87C00936B26;
			productRefGroup = 8214DC951B2AA87C00936B26 /* Products */;
			projectDirPath = "";
			projectRoot = "";
			targets = (
				8214DC931B2AA87C00936B26 /* WebViewForJS */,
				8214DCAC1B2AA87C00936B26 /* WebViewForJSTests */,
			);
		};
/* End PBXProject section */

/* Begin PBXResourcesBuildPhase section */
		8214DC921B2AA87C00936B26 /* Resources */ = {
			isa = PBXResourcesBuildPhase;
			buildActionMask = 2147483647;
			files = (
				8214DCBE1B2AA98600936B26 /* info.html in Resources */,
				8214DCA31B2AA87C00936B26 /* Main.storyboard in Resources */,
				8214DCA81B2AA87C00936B26 /* LaunchScreen.xib in Resources */,
				8214DCA51B2AA87C00936B26 /* Images.xcassets in Resources */,
			);
			runOnlyForDeploymentPostprocessing = 0;
		};
		8214DCAB1B2AA87C00936B26 /* Resources */ = {
			isa = PBXResourcesBuildPhase;
			buildActionMask = 2147483647;
			files = (
			);
			runOnlyForDeploymentPostprocessing = 0;
		};
/* End PBXResourcesBuildPhase section */

/* Begin PBXSourcesBuildPhase section */
		8214DC901B2AA87C00936B26 /* Sources */ = {
			isa = PBXSourcesBuildPhase;
			buildActionMask = 2147483647;
			files = (
				8214DCA01B2AA87C00936B26 /* ViewController.m in Sources */,
				8214DC9D1B2AA87C00936B26 /* AppDelegate.m in Sources */,
				8214DC9A1B2AA87C00936B26 /* main.m in Sources */,
			);
			runOnlyForDeploymentPostprocessing = 0;
		};
		8214DCA91B2AA87C00936B26 /* Sources */ = {
			isa = PBXSourcesBuildPhase;
			buildActionMask = 2147483647;
			files = (
				8214DCB41B2AA87C00936B26 /* WebViewForJSTests.m in Sources */,
			);
			runOnlyForDeploymentPostprocessing = 0;
		};
/* End PBXSourcesBuildPhase section */

/* Begin PBXTargetDependency section */
		8214DCAF1B2AA87C00936B26 /* PBXTargetDependency */ = {
			isa = PBXTargetDependency;
			target = 8214DC931B2AA87C00936B26 /* WebViewForJS */;
			targetProxy = 8214DCAE1B2AA87C00936B26 /* PBXContainerItemProxy */;
		};
/* End PBXTargetDependency section */

/* Begin PBXVariantGroup section */
		8214DCA11B2AA87C00936B26 /* Main.storyboard */ = {
			isa = PBXVariantGroup;
			children = (
				8214DCA21B2AA87C00936B26 /* Base */,
			);
			name = Main.storyboard;
			sourceTree = "<group>";
		};
		8214DCA61B2AA87C00936B26 /* LaunchScreen.xib */ = {
			isa = PBXVariantGroup;
			children = (
				8214DCA71B2AA87C00936B26 /* Base */,
			);
			name = LaunchScreen.xib;
			sourceTree = "<group>";
		};
/* End PBXVariantGroup section */

/* Begin XCBuildConfiguration section */
		8214DCB51B2AA87C00936B26 /* Debug */ = {
			isa = XCBuildConfiguration;
			buildSettings = {
				ALWAYS_SEARCH_USER_PATHS = NO;
				CLANG_CXX_LANGUAGE_STANDARD = "gnu++0x";
				CLANG_CXX_LIBRARY = "libc++";
				CLANG_ENABLE_MODULES = YES;
				CLANG_ENABLE_OBJC_ARC = YES;
				CLANG_WARN_BOOL_CONVERSION = YES;
				CLANG_WARN_CONSTANT_CONVERSION = YES;
				CLANG_WARN_DIRECT_OBJC_ISA_USAGE = YES_ERROR;
				CLANG_WARN_EMPTY_BODY = YES;
				CLANG_WARN_ENUM_CONVERSION = YES;
				CLANG_WARN_INT_CONVERSION = YES;
				CLANG_WARN_OBJC_ROOT_CLASS = YES_ERROR;
				CLANG_WARN_UNREACHABLE_CODE = YES;
				CLANG_WARN__DUPLICATE_METHOD_MATCH = YES;
				"CODE_SIGN_IDENTITY[sdk=iphoneos*]" = "iPhone Developer";
				COPY_PHASE_STRIP = NO;
				ENABLE_STRICT_OBJC_MSGSEND = YES;
				GCC_C_LANGUAGE_STANDARD = gnu99;
				GCC_DYNAMIC_NO_PIC = NO;
				GCC_OPTIMIZATION_LEVEL = 0;
				GCC_PREPROCESSOR_DEFINITIONS = (
					"DEBUG=1",
					"$(inherited)",
				);
				GCC_SYMBOLS_PRIVATE_EXTERN = NO;
				GCC_WARN_64_TO_32_BIT_CONVERSION = YES;
				GCC_WARN_ABOUT_RETURN_TYPE = YES_ERROR;
				GCC_WARN_UNDECLARED_SELECTOR = YES;
				GCC_WARN_UNINITIALIZED_AUTOS = YES_AGGRESSIVE;
				GCC_WARN_UNUSED_FUNCTION = YES;
				GCC_WARN_UNUSED_VARIABLE = YES;
				IPHONEOS_DEPLOYMENT_TARGET = 8.1;
				MTL_ENABLE_DEBUG_INFO = YES;
				ONLY_ACTIVE_ARCH = YES;
				SDKROOT = iphoneos;
				TARGETED_DEVICE_FAMILY = "1,2";
			};
			name = Debug;
		};
		8214DCB61B2AA87C00936B26 /* Release */ = {
			isa = XCBuildConfiguration;
			buildSettings = {
				ALWAYS_SEARCH_USER_PATHS = NO;
				CLANG_CXX_LANGUAGE_STANDARD = "gnu++0x";
				CLANG_CXX_LIBRARY = "libc++";
				CLANG_ENABLE_MODULES = YES;
				CLANG_ENABLE_OBJC_ARC = YES;
				CLANG_WARN_BOOL_CONVERSION = YES;
				CLANG_WARN_CONSTANT_CONVERSION = YES;
				CLANG_WARN_DIRECT_OBJC_ISA_USAGE = YES_ERROR;
				CLANG_WARN_EMPTY_BODY = YES;
				CLANG_WARN_ENUM_CONVERSION = YES;
				CLANG_WARN_INT_CONVERSION = YES;
				CLANG_WARN_OBJC_ROOT_CLASS = YES_ERROR;
				CLANG_WARN_UNREACHABLE_CODE = YES;
				CLANG_WARN__DUPLICATE_METHOD_MATCH = YES;
				"CODE_SIGN_IDENTITY[sdk=iphoneos*]" = "iPhone Developer";
				COPY_PHASE_STRIP = YES;
				ENABLE_NS_ASSERTIONS = NO;
				ENABLE_STRICT_OBJC_MSGSEND = YES;
				GCC_C_LANGUAGE_STANDARD = gnu99;
				GCC_WARN_64_TO_32_BIT_CONVERSION = YES;
				GCC_WARN_ABOUT_RETURN_TYPE = YES_ERROR;
				GCC_WARN_UNDECLARED_SELECTOR = YES;
				GCC_WARN_UNINITIALIZED_AUTOS = YES_AGGRESSIVE;
				GCC_WARN_UNUSED_FUNCTION = YES;
				GCC_WARN_UNUSED_VARIABLE = YES;
				IPHONEOS_DEPLOYMENT_TARGET = 8.1;
				MTL_ENABLE_DEBUG_INFO = NO;
				SDKROOT = iphoneos;
				TARGETED_DEVICE_FAMILY = "1,2";
				VALIDATE_PRODUCT = YES;
			};
			name = Release;
		};
		8214DCB81B2AA87C00936B26 /* Debug */ = {
			isa = XCBuildConfiguration;
			buildSettings = {
				ASSETCATALOG_COMPILER_APPICON_NAME = AppIcon;
				CODE_SIGN_IDENTITY = "iPhone Developer: SUI LAN CHUNG (75GWPCB33P)";
				INFOPLIST_FILE = WebViewForJS/Info.plist;
				IPHONEOS_DEPLOYMENT_TARGET = 6.0;
				LD_RUNPATH_SEARCH_PATHS = "$(inherited) @executable_path/Frameworks";
				PRODUCT_NAME = "$(TARGET_NAME)";
				PROVISIONING_PROFILE = "105DCE8F-30DC-46B9-8C15-632ED5B33DC0";
			};
			name = Debug;
		};
		8214DCB91B2AA87C00936B26 /* Release */ = {
			isa = XCBuildConfiguration;
			buildSettings = {
				ASSETCATALOG_COMPILER_APPICON_NAME = AppIcon;
				CODE_SIGN_IDENTITY = "iPhone Developer: SUI LAN CHUNG (75GWPCB33P)";
				INFOPLIST_FILE = WebViewForJS/Info.plist;
				IPHONEOS_DEPLOYMENT_TARGET = 6.0;
				LD_RUNPATH_SEARCH_PATHS = "$(inherited) @executable_path/Frameworks";
				PRODUCT_NAME = "$(TARGET_NAME)";
				PROVISIONING_PROFILE = "105DCE8F-30DC-46B9-8C15-632ED5B33DC0";
			};
			name = Release;
		};
		8214DCBB1B2AA87C00936B26 /* Debug */ = {
			isa = XCBuildConfiguration;
			buildSettings = {
				BUNDLE_LOADER = "$(TEST_HOST)";
				FRAMEWORK_SEARCH_PATHS = (
					"$(SDKROOT)/Developer/Library/Frameworks",
					"$(inherited)",
				);
				GCC_PREPROCESSOR_DEFINITIONS = (
					"DEBUG=1",
					"$(inherited)",
				);
				INFOPLIST_FILE = WebViewForJSTests/Info.plist;
				LD_RUNPATH_SEARCH_PATHS = "$(inherited) @executable_path/Frameworks @loader_path/Frameworks";
				PRODUCT_NAME = "$(TARGET_NAME)";
				TEST_HOST = "$(BUILT_PRODUCTS_DIR)/WebViewForJS.app/WebViewForJS";
			};
			name = Debug;
		};
		8214DCBC1B2AA87C00936B26 /* Release */ = {
			isa = XCBuildConfiguration;
			buildSettings = {
				BUNDLE_LOADER = "$(TEST_HOST)";
				FRAMEWORK_SEARCH_PATHS = (
					"$(SDKROOT)/Developer/Library/Frameworks",
					"$(inherited)",
				);
				INFOPLIST_FILE = WebViewForJSTests/Info.plist;
				LD_RUNPATH_SEARCH_PATHS = "$(inherited) @executable_path/Frameworks @loader_path/Frameworks";
				PRODUCT_NAME = "$(TARGET_NAME)";
				TEST_HOST = "$(BUILT_PRODUCTS_DIR)/WebViewForJS.app/WebViewForJS";
			};
			name = Release;
		};
/* End XCBuildConfiguration section */

/* Begin XCConfigurationList section */
		8214DC8F1B2AA87C00936B26 /* Build configuration list for PBXProject "WebViewForJS" */ = {
			isa = XCConfigurationList;
			buildConfigurations = (
				8214DCB51B2AA87C00936B26 /* Debug */,
				8214DCB61B2AA87C00936B26 /* Release */,
			);
			defaultConfigurationIsVisible = 0;
			defaultConfigurationName = Release;
		};
		8214DCB71B2AA87C00936B26 /* Build configuration list for PBXNativeTarget "WebViewForJS" */ = {
			isa = XCConfigurationList;
			buildConfigurations = (
				8214DCB81B2AA87C00936B26 /* Debug */,
				8214DCB91B2AA87C00936B26 /* Release */,
			);
			defaultConfigurationIsVisible = 0;
		};
		8214DCBA1B2AA87C00936B26 /* Build configuration list for PBXNativeTarget "WebViewForJSTests" */ = {
			isa = XCConfigurationList;
			buildConfigurations = (
				8214DCBB1B2AA87C00936B26 /* Debug */,
				8214DCBC1B2AA87C00936B26 /* Release */,
			);
			defaultConfigurationIsVisible = 0;
		};
/* End XCConfigurationList section */
	};
	rootObject = 8214DC8C1B2AA87C00936B26 /* Project object */;
}
